
Microsoft Visual Studio Solution File, Format Version 12.00
# TcXaeShell Solution File, Format Version 11.00
VisualStudioVersion = 15.0.28307.1300
MinimumVisualStudioVersion = 10.0.40219.1
Project("{3B740506-4966-4147-AB1F-357FE08946EA}") = "cryo_framework", "cryo_framework\cryo_framework.hmiextproj", "{B8E2C558-11A0-408D-8CEE-D9FBE01C47D9}"
EndProject
Project("{FE7A1B72-C5B7-4D7C-BB7D-76384D4DE8E1}") = "cryo_test", "cryo_test\cryo_test.hmiproj", "{8C9A93F4-16E2-45B4-9BC6-97E2080E8574}"
EndProject
Global
	GlobalSection(SolutionConfigurationPlatforms) = preSolution
		Debug|TwinCAT HMI = Debug|TwinCAT HMI
		Release|TwinCAT HMI = Release|TwinCAT HMI
	EndGlobalSection
	GlobalSection(ProjectConfigurationPlatforms) = postSolution
		{B8E2C558-11A0-408D-8CEE-D9FBE01C47D9}.Debug|TwinCAT HMI.ActiveCfg = Debug|TwinCAT HMI
		{B8E2C558-11A0-408D-8CEE-D9FBE01C47D9}.Debug|TwinCAT HMI.Build.0 = Debug|TwinCAT HMI
		{B8E2C558-11A0-408D-8CEE-D9FBE01C47D9}.Release|TwinCAT HMI.ActiveCfg = Release|TwinCAT HMI
		{B8E2C558-11A0-408D-8CEE-D9FBE01C47D9}.Release|TwinCAT HMI.Build.0 = Release|TwinCAT HMI
		{8C9A93F4-16E2-45B4-9BC6-97E2080E8574}.Debug|TwinCAT HMI.ActiveCfg = Debug|TwinCAT HMI
		{8C9A93F4-16E2-45B4-9BC6-97E2080E8574}.Debug|TwinCAT HMI.Build.0 = Debug|TwinCAT HMI
		{8C9A93F4-16E2-45B4-9BC6-97E2080E8574}.Release|TwinCAT HMI.ActiveCfg = Release|TwinCAT HMI
		{8C9A93F4-16E2-45B4-9BC6-97E2080E8574}.Release|TwinCAT HMI.Build.0 = Release|TwinCAT HMI
	EndGlobalSection
	GlobalSection(SolutionProperties) = preSolution
		HideSolutionNode = FALSE
	EndGlobalSection
	GlobalSection(ExtensibilityGlobals) = postSolution
		SolutionGuid = {1EAA7EA7-4D36-48A1-8E5A-6A6108F259F6}
	EndGlobalSection
EndGlobal
